
Microsoft Visual Studio Solution File, Format Version 12.00
# Visual Studio Version 17
VisualStudioVersion = 17.14.36616.10 d17.14
MinimumVisualStudioVersion = 10.0.40219.1
Project("{2150E333-8FDC-42A3-9474-1A3956D46DE8}") = "Task0", "Task0", "{36D591C7-65C7-A0D1-1CBC-10CDE441BDC8}"
EndProject
Project("{2150E333-8FDC-42A3-9474-1A3956D46DE8}") = "Task1", "Task1", "{1AAC0DD7-3358-49D0-A50B-FE532C7EEE69}"
EndProject
Project("{2150E333-8FDC-42A3-9474-1A3956D46DE8}") = "Task2", "Task2", "{C5A1C0C9-F524-4078-97D7-6A1698C4599B}"
EndProject
Project("{2150E333-8FDC-42A3-9474-1A3956D46DE8}") = "Task3", "Task3", "{A210E346-7A0A-40D7-942A-BC2EFFC97D63}"
EndProject
Project("{2150E333-8FDC-42A3-9474-1A3956D46DE8}") = "Task4", "Task4", "{C71613B0-067B-41B9-A83B-8202ADF115CF}"
EndProject
Project("{2150E333-8FDC-42A3-9474-1A3956D46DE8}") = "Task5", "Task5", "{BDBE6158-F5D5-4E6F-8CD8-ECEECE3A3EE6}"
EndProject
Project("{2150E333-8FDC-42A3-9474-1A3956D46DE8}") = "Task6", "Task6", "{18E13BE0-DFDD-4C28-965F-B1FBDBC38A1D}"
EndProject
Project("{2150E333-8FDC-42A3-9474-1A3956D46DE8}") = "Task7", "Task7", "{82B2D729-7F94-43D0-B7AB-1E118B0915CE}"
EndProject
Project("{FAE04EC0-301F-11D3-BF4B-00C04F79EFBC}") = "Tyuiu.ZolotovaKA.Sprint3.Task0.V8", "Tyuiu.ZolotovaKA.Sprint3.Task0.V8\Tyuiu.ZolotovaKA.Sprint3.Task0.V8.csproj", "{C1A95995-D4BE-47CE-9F25-F1D605D1BD0B}"
EndProject
Project("{FAE04EC0-301F-11D3-BF4B-00C04F79EFBC}") = "Tyuiu.ZolotovaKA.Sprint3.Task0.V8.Test", "Tyuiu.ZolotovaKA.Sprint3.Task0.V8.Test\Tyuiu.ZolotovaKA.Sprint3.Task0.V8.Test.csproj", "{96474357-B05E-470B-AD4C-880F93FAB992}"
EndProject
Project("{FAE04EC0-301F-11D3-BF4B-00C04F79EFBC}") = "Tyuiu.ZolotovaKA.Sprint3.Task0.V8.Lib", "Tyuiu.ZolotovaKA.Sprint3.Task0.V8.Lib\Tyuiu.ZolotovaKA.Sprint3.Task0.V8.Lib.csproj", "{6FB7D8F8-ABB7-421B-A183-E0ABCBA5636B}"
EndProject
Project("{FAE04EC0-301F-11D3-BF4B-00C04F79EFBC}") = "Tyuiu.ZolotovaKA.Sprint3.Task1.V15", "Tyuiu.ZolotovaKA.Sprint3.Task1.V15\Tyuiu.ZolotovaKA.Sprint3.Task1.V15.csproj", "{0706A4CA-0D50-4F08-AF3D-F81DE0568623}"
EndProject
Project("{FAE04EC0-301F-11D3-BF4B-00C04F79EFBC}") = "Tyuiu.ZolotovaKA.Sprint3.Task1.V15.Lib", "Tyuiu.ZolotovaKA.Sprint3.Task1.V15.Lib\Tyuiu.ZolotovaKA.Sprint3.Task1.V15.Lib.csproj", "{D3468F39-83B0-4E9E-967A-DBC50025E7F2}"
EndProject
Project("{FAE04EC0-301F-11D3-BF4B-00C04F79EFBC}") = "Tyuiu.ZolotovaKA.Sprint3.Task1.V15.Test", "Tyuiu.ZolotovaKA.Sprint3.Task1.V15.Test\Tyuiu.ZolotovaKA.Sprint3.Task1.V15.Test.csproj", "{A2A902A8-1FEB-4565-9ACF-871988B0D298}"
EndProject
Project("{FAE04EC0-301F-11D3-BF4B-00C04F79EFBC}") = "Tyuiu.ZolotovaKA.Sprint3.Task2.V7", "Tyuiu.ZolotovaKA.Sprint3.Task2.V7\Tyuiu.ZolotovaKA.Sprint3.Task2.V7.csproj", "{D9D1E385-D9A1-4EB2-AA8D-8E441F214F83}"
EndProject
Project("{FAE04EC0-301F-11D3-BF4B-00C04F79EFBC}") = "Tyuiu.ZolotovaKA.Sprint3.Task2.V7.Test", "Tyuiu.ZolotovaKA.Sprint3.Task2.V7.Test\Tyuiu.ZolotovaKA.Sprint3.Task2.V7.Test.csproj", "{D6D48018-485E-47E3-B83C-E215CECDC242}"
EndProject
Project("{FAE04EC0-301F-11D3-BF4B-00C04F79EFBC}") = "Tyuiu.ZolotovaKA.Sprint3.Task2.V7.Lib", "Tyuiu.ZolotovaKA.Sprint3.Task2.V7.Lib\Tyuiu.ZolotovaKA.Sprint3.Task2.V7.Lib.csproj", "{441BE685-E76E-4FE3-B186-F4AEB9F75A0E}"
EndProject
Project("{FAE04EC0-301F-11D3-BF4B-00C04F79EFBC}") = "Tyuiu.ZolotovaKA.Sprint3.Task3.V15", "Tyuiu.ZolotovaKA.Sprint3.Task3.V15\Tyuiu.ZolotovaKA.Sprint3.Task3.V15.csproj", "{5AB719A9-84F4-4EF0-974C-F4F42781CE45}"
EndProject
Project("{FAE04EC0-301F-11D3-BF4B-00C04F79EFBC}") = "Tyuiu.ZolotovaKA.Sprint3.Task3.V15.Test", "Tyuiu.ZolotovaKA.Sprint3.Task3.V15.Test\Tyuiu.ZolotovaKA.Sprint3.Task3.V15.Test.csproj", "{C8749A55-CA65-45A6-BB6F-C2051D5013E8}"
EndProject
Project("{FAE04EC0-301F-11D3-BF4B-00C04F79EFBC}") = "Tyuiu.ZolotovaKA.Sprint3.Task3.V15.Lib", "Tyuiu.ZolotovaKA.Sprint3.Task3.V15.Lib\Tyuiu.ZolotovaKA.Sprint3.Task3.V15.Lib.csproj", "{F27F6AA7-499A-4B2D-BA6A-D299CD1431CA}"
EndProject
Global
	GlobalSection(SolutionConfigurationPlatforms) = preSolution
		Debug|Any CPU = Debug|Any CPU
		Release|Any CPU = Release|Any CPU
	EndGlobalSection
	GlobalSection(ProjectConfigurationPlatforms) = postSolution
		{C1A95995-D4BE-47CE-9F25-F1D605D1BD0B}.Debug|Any CPU.ActiveCfg = Debug|Any CPU
		{C1A95995-D4BE-47CE-9F25-F1D605D1BD0B}.Debug|Any CPU.Build.0 = Debug|Any CPU
		{C1A95995-D4BE-47CE-9F25-F1D605D1BD0B}.Release|Any CPU.ActiveCfg = Release|Any CPU
		{C1A95995-D4BE-47CE-9F25-F1D605D1BD0B}.Release|Any CPU.Build.0 = Release|Any CPU
		{96474357-B05E-470B-AD4C-880F93FAB992}.Debug|Any CPU.ActiveCfg = Debug|Any CPU
		{96474357-B05E-470B-AD4C-880F93FAB992}.Debug|Any CPU.Build.0 = Debug|Any CPU
		{96474357-B05E-470B-AD4C-880F93FAB992}.Release|Any CPU.ActiveCfg = Release|Any CPU
		{96474357-B05E-470B-AD4C-880F93FAB992}.Release|Any CPU.Build.0 = Release|Any CPU
		{6FB7D8F8-ABB7-421B-A183-E0ABCBA5636B}.Debug|Any CPU.ActiveCfg = Debug|Any CPU
		{6FB7D8F8-ABB7-421B-A183-E0ABCBA5636B}.Debug|Any CPU.Build.0 = Debug|Any CPU
		{6FB7D8F8-ABB7-421B-A183-E0ABCBA5636B}.Release|Any CPU.ActiveCfg = Release|Any CPU
		{6FB7D8F8-ABB7-421B-A183-E0ABCBA5636B}.Release|Any CPU.Build.0 = Release|Any CPU
		{0706A4CA-0D50-4F08-AF3D-F81DE0568623}.Debug|Any CPU.ActiveCfg = Debug|Any CPU
		{0706A4CA-0D50-4F08-AF3D-F81DE0568623}.Debug|Any CPU.Build.0 = Debug|Any CPU
		{0706A4CA-0D50-4F08-AF3D-F81DE0568623}.Release|Any CPU.ActiveCfg = Release|Any CPU
		{0706A4CA-0D50-4F08-AF3D-F81DE0568623}.Release|Any CPU.Build.0 = Release|Any CPU
		{D3468F39-83B0-4E9E-967A-DBC50025E7F2}.Debug|Any CPU.ActiveCfg = Debug|Any CPU
		{D3468F39-83B0-4E9E-967A-DBC50025E7F2}.Debug|Any CPU.Build.0 = Debug|Any CPU
		{D3468F39-83B0-4E9E-967A-DBC50025E7F2}.Release|Any CPU.ActiveCfg = Release|Any CPU
		{D3468F39-83B0-4E9E-967A-DBC50025E7F2}.Release|Any CPU.Build.0 = Release|Any CPU
		{A2A902A8-1FEB-4565-9ACF-871988B0D298}.Debug|Any CPU.ActiveCfg = Debug|Any CPU
		{A2A902A8-1FEB-4565-9ACF-871988B0D298}.Debug|Any CPU.Build.0 = Debug|Any CPU
		{A2A902A8-1FEB-4565-9ACF-871988B0D298}.Release|Any CPU.ActiveCfg = Release|Any CPU
		{A2A902A8-1FEB-4565-9ACF-871988B0D298}.Release|Any CPU.Build.0 = Release|Any CPU
		{D9D1E385-D9A1-4EB2-AA8D-8E441F214F83}.Debug|Any CPU.ActiveCfg = Debug|Any CPU
		{D9D1E385-D9A1-4EB2-AA8D-8E441F214F83}.Debug|Any CPU.Build.0 = Debug|Any CPU
		{D9D1E385-D9A1-4EB2-AA8D-8E441F214F83}.Release|Any CPU.ActiveCfg = Release|Any CPU
		{D9D1E385-D9A1-4EB2-AA8D-8E441F214F83}.Release|Any CPU.Build.0 = Release|Any CPU
		{D6D48018-485E-47E3-B83C-E215CECDC242}.Debug|Any CPU.ActiveCfg = Debug|Any CPU
		{D6D48018-485E-47E3-B83C-E215CECDC242}.Debug|Any CPU.Build.0 = Debug|Any CPU
		{D6D48018-485E-47E3-B83C-E215CECDC242}.Release|Any CPU.ActiveCfg = Release|Any CPU
		{D6D48018-485E-47E3-B83C-E215CECDC242}.Release|Any CPU.Build.0 = Release|Any CPU
		{441BE685-E76E-4FE3-B186-F4AEB9F75A0E}.Debug|Any CPU.ActiveCfg = Debug|Any CPU
		{441BE685-E76E-4FE3-B186-F4AEB9F75A0E}.Debug|Any CPU.Build.0 = Debug|Any CPU
		{441BE685-E76E-4FE3-B186-F4AEB9F75A0E}.Release|Any CPU.ActiveCfg = Release|Any CPU
		{441BE685-E76E-4FE3-B186-F4AEB9F75A0E}.Release|Any CPU.Build.0 = Release|Any CPU
		{5AB719A9-84F4-4EF0-974C-F4F42781CE45}.Debug|Any CPU.ActiveCfg = Debug|Any CPU
		{5AB719A9-84F4-4EF0-974C-F4F42781CE45}.Debug|Any CPU.Build.0 = Debug|Any CPU
		{5AB719A9-84F4-4EF0-974C-F4F42781CE45}.Release|Any CPU.ActiveCfg = Release|Any CPU
		{5AB719A9-84F4-4EF0-974C-F4F42781CE45}.Release|Any CPU.Build.0 = Release|Any CPU
		{C8749A55-CA65-45A6-BB6F-C2051D5013E8}.Debug|Any CPU.ActiveCfg = Debug|Any CPU
		{C8749A55-CA65-45A6-BB6F-C2051D5013E8}.Debug|Any CPU.Build.0 = Debug|Any CPU
		{C8749A55-CA65-45A6-BB6F-C2051D5013E8}.Release|Any CPU.ActiveCfg = Release|Any CPU
		{C8749A55-CA65-45A6-BB6F-C2051D5013E8}.Release|Any CPU.Build.0 = Release|Any CPU
		{F27F6AA7-499A-4B2D-BA6A-D299CD1431CA}.Debug|Any CPU.ActiveCfg = Debug|Any CPU
		{F27F6AA7-499A-4B2D-BA6A-D299CD1431CA}.Debug|Any CPU.Build.0 = Debug|Any CPU
		{F27F6AA7-499A-4B2D-BA6A-D299CD1431CA}.Release|Any CPU.ActiveCfg = Release|Any CPU
		{F27F6AA7-499A-4B2D-BA6A-D299CD1431CA}.Release|Any CPU.Build.0 = Release|Any CPU
	EndGlobalSection
	GlobalSection(SolutionProperties) = preSolution
		HideSolutionNode = FALSE
	EndGlobalSection
	GlobalSection(NestedProjects) = preSolution
		{C1A95995-D4BE-47CE-9F25-F1D605D1BD0B} = {36D591C7-65C7-A0D1-1CBC-10CDE441BDC8}
		{96474357-B05E-470B-AD4C-880F93FAB992} = {36D591C7-65C7-A0D1-1CBC-10CDE441BDC8}
		{6FB7D8F8-ABB7-421B-A183-E0ABCBA5636B} = {36D591C7-65C7-A0D1-1CBC-10CDE441BDC8}
		{0706A4CA-0D50-4F08-AF3D-F81DE0568623} = {1AAC0DD7-3358-49D0-A50B-FE532C7EEE69}
		{D3468F39-83B0-4E9E-967A-DBC50025E7F2} = {1AAC0DD7-3358-49D0-A50B-FE532C7EEE69}
		{A2A902A8-1FEB-4565-9ACF-871988B0D298} = {1AAC0DD7-3358-49D0-A50B-FE532C7EEE69}
		{D9D1E385-D9A1-4EB2-AA8D-8E441F214F83} = {C5A1C0C9-F524-4078-97D7-6A1698C4599B}
		{D6D48018-485E-47E3-B83C-E215CECDC242} = {C5A1C0C9-F524-4078-97D7-6A1698C4599B}
		{441BE685-E76E-4FE3-B186-F4AEB9F75A0E} = {C5A1C0C9-F524-4078-97D7-6A1698C4599B}
		{5AB719A9-84F4-4EF0-974C-F4F42781CE45} = {A210E346-7A0A-40D7-942A-BC2EFFC97D63}
		{C8749A55-CA65-45A6-BB6F-C2051D5013E8} = {A210E346-7A0A-40D7-942A-BC2EFFC97D63}
		{F27F6AA7-499A-4B2D-BA6A-D299CD1431CA} = {A210E346-7A0A-40D7-942A-BC2EFFC97D63}
	EndGlobalSection
	GlobalSection(ExtensibilityGlobals) = postSolution
		SolutionGuid = {EFB107CB-4B67-4C59-A1F1-E3FC08470B7E}
	EndGlobalSection
EndGlobal
